
Microsoft Visual Studio Solution File, Format Version 12.00
# Visual Studio Version 17
VisualStudioVersion = 17.12.35514.174
MinimumVisualStudioVersion = 10.0.40219.1
Project("{FAE04EC0-301F-11D3-BF4B-00C04F79EFBC}") = "API", "API\API.csproj", "{1A26BD2A-20CB-4F6E-8941-C62368A63E32}"
EndProject
Project("{FAE04EC0-301F-11D3-BF4B-00C04F79EFBC}") = "API.Tests", "API.Tests\API.Tests.csproj", "{C76D25AE-67E9-46B3-A453-70C9A3941D06}"
EndProject
Global
	GlobalSection(SolutionConfigurationPlatforms) = preSolution
		Debug|Any CPU = Debug|Any CPU
		Release|Any CPU = Release|Any CPU
	EndGlobalSection
	GlobalSection(ProjectConfigurationPlatforms) = postSolution
		{1A26BD2A-20CB-4F6E-8941-C62368A63E32}.Debug|Any CPU.ActiveCfg = Debug|Any CPU
		{1A26BD2A-20CB-4F6E-8941-C62368A63E32}.Debug|Any CPU.Build.0 = Debug|Any CPU
		{1A26BD2A-20CB-4F6E-8941-C62368A63E32}.Release|Any CPU.ActiveCfg = Release|Any CPU
		{1A26BD2A-20CB-4F6E-8941-C62368A63E32}.Release|Any CPU.Build.0 = Release|Any CPU
		{C76D25AE-67E9-46B3-A453-70C9A3941D06}.Debug|Any CPU.ActiveCfg = Debug|Any CPU
		{C76D25AE-67E9-46B3-A453-70C9A3941D06}.Debug|Any CPU.Build.0 = Debug|Any CPU
		{C76D25AE-67E9-46B3-A453-70C9A3941D06}.Release|Any CPU.ActiveCfg = Release|Any CPU
		{C76D25AE-67E9-46B3-A453-70C9A3941D06}.Release|Any CPU.Build.0 = Release|Any CPU
	EndGlobalSection
	GlobalSection(SolutionProperties) = preSolution
		HideSolutionNode = FALSE
	EndGlobalSection
EndGlobal
